// !$*UTF8*$!
{
	archiveVersion = 1;
	classes = {
	};
	objectVersion = 56;
	objects = {

/* Begin PBXBuildFile section */
		CABFE78D2A57A6E300FA80EE /* UploadNewPostView.swift in Sources */ = {isa = PBXBuildFile; fileRef = CABFE78C2A57A6E300FA80EE /* UploadNewPostView.swift */; };
		CABFE78F2A57A72E00FA80EE /* ImagePicker.swift in Sources */ = {isa = PBXBuildFile; fileRef = CABFE78E2A57A72E00FA80EE /* ImagePicker.swift */; };
		CABFE7922A57A77600FA80EE /* NewPostViewModel.swift in Sources */ = {isa = PBXBuildFile; fileRef = CABFE7912A57A77600FA80EE /* NewPostViewModel.swift */; };
		CABFE7952A57A80E00FA80EE /* PostDetailsView.swift in Sources */ = {isa = PBXBuildFile; fileRef = CABFE7942A57A80E00FA80EE /* PostDetailsView.swift */; };
		CABFE7972A57A85900FA80EE /* CustomButton.swift in Sources */ = {isa = PBXBuildFile; fileRef = CABFE7962A57A85900FA80EE /* CustomButton.swift */; };
		CABFE7992A57A8D800FA80EE /* PostCaption.swift in Sources */ = {isa = PBXBuildFile; fileRef = CABFE7982A57A8D800FA80EE /* PostCaption.swift */; };
		CABFE79C2A58795500FA80EE /* SearchViewModel.swift in Sources */ = {isa = PBXBuildFile; fileRef = CABFE79B2A58795500FA80EE /* SearchViewModel.swift */; };
		CABFE79E2A5879AE00FA80EE /* SearchBar.swift in Sources */ = {isa = PBXBuildFile; fileRef = CABFE79D2A5879AE00FA80EE /* SearchBar.swift */; };
		CABFE7A02A5879E900FA80EE /* UIApplication+Extension.swift in Sources */ = {isa = PBXBuildFile; fileRef = CABFE79F2A5879E900FA80EE /* UIApplication+Extension.swift */; };
		CABFE7A22A587A2400FA80EE /* RecommendedUserListView.swift in Sources */ = {isa = PBXBuildFile; fileRef = CABFE7A12A587A2400FA80EE /* RecommendedUserListView.swift */; };
		CABFE7A42A587A6500FA80EE /* UserCell.swift in Sources */ = {isa = PBXBuildFile; fileRef = CABFE7A32A587A6500FA80EE /* UserCell.swift */; };
		CABFE7A62A59E0E000FA80EE /* TabBarButton.swift in Sources */ = {isa = PBXBuildFile; fileRef = CABFE7A52A59E0E000FA80EE /* TabBarButton.swift */; };
		CABFE7A92A59E10C00FA80EE /* SettingView.swift in Sources */ = {isa = PBXBuildFile; fileRef = CABFE7A82A59E10C00FA80EE /* SettingView.swift */; };
		CAC7C42F2A56288D00979B79 /* InstagramCloneApp.swift in Sources */ = {isa = PBXBuildFile; fileRef = CAC7C42E2A56288D00979B79 /* InstagramCloneApp.swift */; };
		CAC7C4312A56288D00979B79 /* ContentView.swift in Sources */ = {isa = PBXBuildFile; fileRef = CAC7C4302A56288D00979B79 /* ContentView.swift */; };
		CAC7C4332A56288F00979B79 /* Assets.xcassets in Resources */ = {isa = PBXBuildFile; fileRef = CAC7C4322A56288F00979B79 /* Assets.xcassets */; };
		CAC7C4362A56288F00979B79 /* Preview Assets.xcassets in Resources */ = {isa = PBXBuildFile; fileRef = CAC7C4352A56288F00979B79 /* Preview Assets.xcassets */; };
		CAC7C4402A56288F00979B79 /* InstagramCloneTests.swift in Sources */ = {isa = PBXBuildFile; fileRef = CAC7C43F2A56288F00979B79 /* InstagramCloneTests.swift */; };
		CAC7C44A2A56288F00979B79 /* InstagramCloneUITests.swift in Sources */ = {isa = PBXBuildFile; fileRef = CAC7C4492A56288F00979B79 /* InstagramCloneUITests.swift */; };
		CAC7C44C2A56288F00979B79 /* InstagramCloneUITestsLaunchTests.swift in Sources */ = {isa = PBXBuildFile; fileRef = CAC7C44B2A56288F00979B79 /* InstagramCloneUITestsLaunchTests.swift */; };
		CAC7C4612A562B0800979B79 /* MainView.swift in Sources */ = {isa = PBXBuildFile; fileRef = CAC7C4602A562B0800979B79 /* MainView.swift */; };
		CAC7C4632A562BCC00979B79 /* HomeTab.swift in Sources */ = {isa = PBXBuildFile; fileRef = CAC7C4622A562BCC00979B79 /* HomeTab.swift */; };
		CAC7C4652A562BDD00979B79 /* Reels.swift in Sources */ = {isa = PBXBuildFile; fileRef = CAC7C4642A562BDD00979B79 /* Reels.swift */; };
		CAC7C4672A562C0600979B79 /* ExploreTab.swift in Sources */ = {isa = PBXBuildFile; fileRef = CAC7C4662A562C0600979B79 /* ExploreTab.swift */; };
		CAC7C4692A562E1100979B79 /* ProfileView.swift in Sources */ = {isa = PBXBuildFile; fileRef = CAC7C4682A562E1100979B79 /* ProfileView.swift */; };
		CAC7C46B2A562E6600979B79 /* ProfileHeaderView.swift in Sources */ = {isa = PBXBuildFile; fileRef = CAC7C46A2A562E6600979B79 /* ProfileHeaderView.swift */; };
		CAC7C46E2A562FF100979B79 /* ProfileViewModel.swift in Sources */ = {isa = PBXBuildFile; fileRef = CAC7C46D2A562FF100979B79 /* ProfileViewModel.swift */; };
		CAC7C4702A56301F00979B79 /* FirebaseConstants.swift in Sources */ = {isa = PBXBuildFile; fileRef = CAC7C46F2A56301F00979B79 /* FirebaseConstants.swift */; };
		CAC7C4752A56330A00979B79 /* FirebaseAuth in Frameworks */ = {isa = PBXBuildFile; productRef = CAC7C4742A56330A00979B79 /* FirebaseAuth */; };
		CAC7C4772A56330A00979B79 /* FirebaseFirestore in Frameworks */ = {isa = PBXBuildFile; productRef = CAC7C4762A56330A00979B79 /* FirebaseFirestore */; };
		CAC7C4792A56330A00979B79 /* FirebaseFirestoreSwift in Frameworks */ = {isa = PBXBuildFile; productRef = CAC7C4782A56330A00979B79 /* FirebaseFirestoreSwift */; };
		CAC7C47B2A56330A00979B79 /* FirebaseStorage in Frameworks */ = {isa = PBXBuildFile; productRef = CAC7C47A2A56330A00979B79 /* FirebaseStorage */; };
		CAC7C47D2A5634BB00979B79 /* User.swift in Sources */ = {isa = PBXBuildFile; fileRef = CAC7C47C2A5634BB00979B79 /* User.swift */; };
		CAC7C4812A56355300979B79 /* AuthViewModel.swift in Sources */ = {isa = PBXBuildFile; fileRef = CAC7C4802A56355300979B79 /* AuthViewModel.swift */; };
		CAC7C4832A56361400979B79 /* UserStatView.swift in Sources */ = {isa = PBXBuildFile; fileRef = CAC7C4822A56361400979B79 /* UserStatView.swift */; };
		CAC7C4882A5636C500979B79 /* PostGridView.swift in Sources */ = {isa = PBXBuildFile; fileRef = CAC7C4872A5636C500979B79 /* PostGridView.swift */; };
		CAC7C48A2A56370C00979B79 /* PostGridViewModel.swift in Sources */ = {isa = PBXBuildFile; fileRef = CAC7C4892A56370C00979B79 /* PostGridViewModel.swift */; };
		CAC7C48C2A56372500979B79 /* Post.swift in Sources */ = {isa = PBXBuildFile; fileRef = CAC7C48B2A56372500979B79 /* Post.swift */; };
		CAC7C48E2A56377D00979B79 /* PostService.swift in Sources */ = {isa = PBXBuildFile; fileRef = CAC7C48D2A56377D00979B79 /* PostService.swift */; };
		CAC7C4902A5637B700979B79 /* ProfileActionButtons.swift in Sources */ = {isa = PBXBuildFile; fileRef = CAC7C48F2A5637B700979B79 /* ProfileActionButtons.swift */; };
		CAC7C4932A563AE600979B79 /* Kingfisher in Frameworks */ = {isa = PBXBuildFile; productRef = CAC7C4922A563AE600979B79 /* Kingfisher */; };
		CAC7C4962A563B6700979B79 /* FeedViewModel.swift in Sources */ = {isa = PBXBuildFile; fileRef = CAC7C4952A563B6700979B79 /* FeedViewModel.swift */; };
		CAC7C4982A563BB300979B79 /* ImageUploader.swift in Sources */ = {isa = PBXBuildFile; fileRef = CAC7C4972A563BB300979B79 /* ImageUploader.swift */; };
		CAC7C49A2A563D4200979B79 /* UserService.swift in Sources */ = {isa = PBXBuildFile; fileRef = CAC7C4992A563D4200979B79 /* UserService.swift */; };
		CAC7C49C2A563D9400979B79 /* FeedView.swift in Sources */ = {isa = PBXBuildFile; fileRef = CAC7C49B2A563D9400979B79 /* FeedView.swift */; };
		CAC7C49E2A563DB800979B79 /* FeedComponent.swift in Sources */ = {isa = PBXBuildFile; fileRef = CAC7C49D2A563DB800979B79 /* FeedComponent.swift */; };
		CAC7C4A12A5647E600979B79 /* LoginView.swift in Sources */ = {isa = PBXBuildFile; fileRef = CAC7C4A02A5647E600979B79 /* LoginView.swift */; };
		CAC7C4A32A56549600979B79 /* GoogleService-Info.plist in Resources */ = {isa = PBXBuildFile; fileRef = CAC7C4A22A56549600979B79 /* GoogleService-Info.plist */; };
		CAC7C4A52A5658CD00979B79 /* FeedCellViewModel.swift in Sources */ = {isa = PBXBuildFile; fileRef = CAC7C4A42A5658CC00979B79 /* FeedCellViewModel.swift */; };
		CAC7C4A82A56596100979B79 /* NotificationsViewModel.swift in Sources */ = {isa = PBXBuildFile; fileRef = CAC7C4A72A56596100979B79 /* NotificationsViewModel.swift */; };
		CAC7C4AA2A56599900979B79 /* Notification.swift in Sources */ = {isa = PBXBuildFile; fileRef = CAC7C4A92A56599900979B79 /* Notification.swift */; };
		CAC7C4AD2A5683E400979B79 /* LoginViewModel.swift in Sources */ = {isa = PBXBuildFile; fileRef = CAC7C4AC2A5683E400979B79 /* LoginViewModel.swift */; };
		CAC7C4AF2A56968F00979B79 /* RegisterView.swift in Sources */ = {isa = PBXBuildFile; fileRef = CAC7C4AE2A56968F00979B79 /* RegisterView.swift */; };
		CAC7C4B12A56978700979B79 /* RegisterViewModel.swift in Sources */ = {isa = PBXBuildFile; fileRef = CAC7C4B02A56978700979B79 /* RegisterViewModel.swift */; };
		CAC7C4B42A56996B00979B79 /* UIColor+Extension.swift in Sources */ = {isa = PBXBuildFile; fileRef = CAC7C4B32A56996B00979B79 /* UIColor+Extension.swift */; };
		CAC7C4B62A579A4D00979B79 /* Router.swift in Sources */ = {isa = PBXBuildFile; fileRef = CAC7C4B52A579A4D00979B79 /* Router.swift */; };
/* End PBXBuildFile section */

/* Begin PBXContainerItemProxy section */
		CAC7C43C2A56288F00979B79 /* PBXContainerItemProxy */ = {
			isa = PBXContainerItemProxy;
			containerPortal = CAC7C4232A56288D00979B79 /* Project object */;
			proxyType = 1;
			remoteGlobalIDString = CAC7C42A2A56288D00979B79;
			remoteInfo = InstagramClone;
		};
		CAC7C4462A56288F00979B79 /* PBXContainerItemProxy */ = {
			isa = PBXContainerItemProxy;
			containerPortal = CAC7C4232A56288D00979B79 /* Project object */;
			proxyType = 1;
			remoteGlobalIDString = CAC7C42A2A56288D00979B79;
			remoteInfo = InstagramClone;
		};
/* End PBXContainerItemProxy section */

/* Begin PBXFileReference section */
		CABFE78C2A57A6E300FA80EE /* UploadNewPostView.swift */ = {isa = PBXFileReference; lastKnownFileType = sourcecode.swift; path = UploadNewPostView.swift; sourceTree = "<group>"; };
		CABFE78E2A57A72E00FA80EE /* ImagePicker.swift */ = {isa = PBXFileReference; lastKnownFileType = sourcecode.swift; path = ImagePicker.swift; sourceTree = "<group>"; };
		CABFE7912A57A77600FA80EE /* NewPostViewModel.swift */ = {isa = PBXFileReference; lastKnownFileType = sourcecode.swift; path = NewPostViewModel.swift; sourceTree = "<group>"; };
		CABFE7942A57A80E00FA80EE /* PostDetailsView.swift */ = {isa = PBXFileReference; lastKnownFileType = sourcecode.swift; path = PostDetailsView.swift; sourceTree = "<group>"; };
		CABFE7962A57A85900FA80EE /* CustomButton.swift */ = {isa = PBXFileReference; lastKnownFileType = sourcecode.swift; path = CustomButton.swift; sourceTree = "<group>"; };
		CABFE7982A57A8D800FA80EE /* PostCaption.swift */ = {isa = PBXFileReference; lastKnownFileType = sourcecode.swift; path = PostCaption.swift; sourceTree = "<group>"; };
		CABFE79B2A58795500FA80EE /* SearchViewModel.swift */ = {isa = PBXFileReference; lastKnownFileType = sourcecode.swift; path = SearchViewModel.swift; sourceTree = "<group>"; };
		CABFE79D2A5879AE00FA80EE /* SearchBar.swift */ = {isa = PBXFileReference; lastKnownFileType = sourcecode.swift; path = SearchBar.swift; sourceTree = "<group>"; };
		CABFE79F2A5879E900FA80EE /* UIApplication+Extension.swift */ = {isa = PBXFileReference; lastKnownFileType = sourcecode.swift; path = "UIApplication+Extension.swift"; sourceTree = "<group>"; };
		CABFE7A12A587A2400FA80EE /* RecommendedUserListView.swift */ = {isa = PBXFileReference; lastKnownFileType = sourcecode.swift; path = RecommendedUserListView.swift; sourceTree = "<group>"; };
		CABFE7A32A587A6500FA80EE /* UserCell.swift */ = {isa = PBXFileReference; lastKnownFileType = sourcecode.swift; path = UserCell.swift; sourceTree = "<group>"; };
		CABFE7A52A59E0E000FA80EE /* TabBarButton.swift */ = {isa = PBXFileReference; lastKnownFileType = sourcecode.swift; path = TabBarButton.swift; sourceTree = "<group>"; };
		CABFE7A82A59E10C00FA80EE /* SettingView.swift */ = {isa = PBXFileReference; lastKnownFileType = sourcecode.swift; path = SettingView.swift; sourceTree = "<group>"; };
		CAC7C42B2A56288D00979B79 /* InstagramClone.app */ = {isa = PBXFileReference; explicitFileType = wrapper.application; includeInIndex = 0; path = InstagramClone.app; sourceTree = BUILT_PRODUCTS_DIR; };
		CAC7C42E2A56288D00979B79 /* InstagramCloneApp.swift */ = {isa = PBXFileReference; lastKnownFileType = sourcecode.swift; path = InstagramCloneApp.swift; sourceTree = "<group>"; };
		CAC7C4302A56288D00979B79 /* ContentView.swift */ = {isa = PBXFileReference; lastKnownFileType = sourcecode.swift; path = ContentView.swift; sourceTree = "<group>"; };
		CAC7C4322A56288F00979B79 /* Assets.xcassets */ = {isa = PBXFileReference; lastKnownFileType = folder.assetcatalog; path = Assets.xcassets; sourceTree = "<group>"; };
		CAC7C4352A56288F00979B79 /* Preview Assets.xcassets */ = {isa = PBXFileReference; lastKnownFileType = folder.assetcatalog; path = "Preview Assets.xcassets"; sourceTree = "<group>"; };
		CAC7C43B2A56288F00979B79 /* InstagramCloneTests.xctest */ = {isa = PBXFileReference; explicitFileType = wrapper.cfbundle; includeInIndex = 0; path = InstagramCloneTests.xctest; sourceTree = BUILT_PRODUCTS_DIR; };
		CAC7C43F2A56288F00979B79 /* InstagramCloneTests.swift */ = {isa = PBXFileReference; lastKnownFileType = sourcecode.swift; path = InstagramCloneTests.swift; sourceTree = "<group>"; };
		CAC7C4452A56288F00979B79 /* InstagramCloneUITests.xctest */ = {isa = PBXFileReference; explicitFileType = wrapper.cfbundle; includeInIndex = 0; path = InstagramCloneUITests.xctest; sourceTree = BUILT_PRODUCTS_DIR; };
		CAC7C4492A56288F00979B79 /* InstagramCloneUITests.swift */ = {isa = PBXFileReference; lastKnownFileType = sourcecode.swift; path = InstagramCloneUITests.swift; sourceTree = "<group>"; };
		CAC7C44B2A56288F00979B79 /* InstagramCloneUITestsLaunchTests.swift */ = {isa = PBXFileReference; lastKnownFileType = sourcecode.swift; path = InstagramCloneUITestsLaunchTests.swift; sourceTree = "<group>"; };
		CAC7C4602A562B0800979B79 /* MainView.swift */ = {isa = PBXFileReference; lastKnownFileType = sourcecode.swift; path = MainView.swift; sourceTree = "<group>"; };
		CAC7C4622A562BCC00979B79 /* HomeTab.swift */ = {isa = PBXFileReference; lastKnownFileType = sourcecode.swift; path = HomeTab.swift; sourceTree = "<group>"; };
		CAC7C4642A562BDD00979B79 /* Reels.swift */ = {isa = PBXFileReference; lastKnownFileType = sourcecode.swift; path = Reels.swift; sourceTree = "<group>"; };
		CAC7C4662A562C0600979B79 /* ExploreTab.swift */ = {isa = PBXFileReference; lastKnownFileType = sourcecode.swift; path = ExploreTab.swift; sourceTree = "<group>"; };
		CAC7C4682A562E1100979B79 /* ProfileView.swift */ = {isa = PBXFileReference; lastKnownFileType = sourcecode.swift; path = ProfileView.swift; sourceTree = "<group>"; };
		CAC7C46A2A562E6600979B79 /* ProfileHeaderView.swift */ = {isa = PBXFileReference; lastKnownFileType = sourcecode.swift; path = ProfileHeaderView.swift; sourceTree = "<group>"; };
		CAC7C46D2A562FF100979B79 /* ProfileViewModel.swift */ = {isa = PBXFileReference; lastKnownFileType = sourcecode.swift; path = ProfileViewModel.swift; sourceTree = "<group>"; };
		CAC7C46F2A56301F00979B79 /* FirebaseConstants.swift */ = {isa = PBXFileReference; lastKnownFileType = sourcecode.swift; path = FirebaseConstants.swift; sourceTree = "<group>"; };
		CAC7C47C2A5634BB00979B79 /* User.swift */ = {isa = PBXFileReference; lastKnownFileType = sourcecode.swift; path = User.swift; sourceTree = "<group>"; };
		CAC7C4802A56355300979B79 /* AuthViewModel.swift */ = {isa = PBXFileReference; lastKnownFileType = sourcecode.swift; path = AuthViewModel.swift; sourceTree = "<group>"; };
		CAC7C4822A56361400979B79 /* UserStatView.swift */ = {isa = PBXFileReference; lastKnownFileType = sourcecode.swift; path = UserStatView.swift; sourceTree = "<group>"; };
		CAC7C4872A5636C500979B79 /* PostGridView.swift */ = {isa = PBXFileReference; lastKnownFileType = sourcecode.swift; path = PostGridView.swift; sourceTree = "<group>"; };
		CAC7C4892A56370C00979B79 /* PostGridViewModel.swift */ = {isa = PBXFileReference; lastKnownFileType = sourcecode.swift; path = PostGridViewModel.swift; sourceTree = "<group>"; };
		CAC7C48B2A56372500979B79 /* Post.swift */ = {isa = PBXFileReference; lastKnownFileType = sourcecode.swift; path = Post.swift; sourceTree = "<group>"; };
		CAC7C48D2A56377D00979B79 /* PostService.swift */ = {isa = PBXFileReference; lastKnownFileType = sourcecode.swift; path = PostService.swift; sourceTree = "<group>"; };
		CAC7C48F2A5637B700979B79 /* ProfileActionButtons.swift */ = {isa = PBXFileReference; lastKnownFileType = sourcecode.swift; path = ProfileActionButtons.swift; sourceTree = "<group>"; };
		CAC7C4952A563B6700979B79 /* FeedViewModel.swift */ = {isa = PBXFileReference; lastKnownFileType = sourcecode.swift; path = FeedViewModel.swift; sourceTree = "<group>"; };
		CAC7C4972A563BB300979B79 /* ImageUploader.swift */ = {isa = PBXFileReference; lastKnownFileType = sourcecode.swift; path = ImageUploader.swift; sourceTree = "<group>"; };
		CAC7C4992A563D4200979B79 /* UserService.swift */ = {isa = PBXFileReference; lastKnownFileType = sourcecode.swift; path = UserService.swift; sourceTree = "<group>"; };
		CAC7C49B2A563D9400979B79 /* FeedView.swift */ = {isa = PBXFileReference; lastKnownFileType = sourcecode.swift; path = FeedView.swift; sourceTree = "<group>"; };
		CAC7C49D2A563DB800979B79 /* FeedComponent.swift */ = {isa = PBXFileReference; lastKnownFileType = sourcecode.swift; path = FeedComponent.swift; sourceTree = "<group>"; };
		CAC7C4A02A5647E600979B79 /* LoginView.swift */ = {isa = PBXFileReference; lastKnownFileType = sourcecode.swift; path = LoginView.swift; sourceTree = "<group>"; };
		CAC7C4A22A56549600979B79 /* GoogleService-Info.plist */ = {isa = PBXFileReference; lastKnownFileType = text.plist; path = "GoogleService-Info.plist"; sourceTree = SOURCE_ROOT; };
		CAC7C4A42A5658CC00979B79 /* FeedCellViewModel.swift */ = {isa = PBXFileReference; lastKnownFileType = sourcecode.swift; path = FeedCellViewModel.swift; sourceTree = "<group>"; };
		CAC7C4A72A56596100979B79 /* NotificationsViewModel.swift */ = {isa = PBXFileReference; lastKnownFileType = sourcecode.swift; path = NotificationsViewModel.swift; sourceTree = "<group>"; };
		CAC7C4A92A56599900979B79 /* Notification.swift */ = {isa = PBXFileReference; lastKnownFileType = sourcecode.swift; path = Notification.swift; sourceTree = "<group>"; };
		CAC7C4AC2A5683E400979B79 /* LoginViewModel.swift */ = {isa = PBXFileReference; lastKnownFileType = sourcecode.swift; path = LoginViewModel.swift; sourceTree = "<group>"; };
		CAC7C4AE2A56968F00979B79 /* RegisterView.swift */ = {isa = PBXFileReference; lastKnownFileType = sourcecode.swift; path = RegisterView.swift; sourceTree = "<group>"; };
		CAC7C4B02A56978700979B79 /* RegisterViewModel.swift */ = {isa = PBXFileReference; lastKnownFileType = sourcecode.swift; path = RegisterViewModel.swift; sourceTree = "<group>"; };
		CAC7C4B32A56996B00979B79 /* UIColor+Extension.swift */ = {isa = PBXFileReference; lastKnownFileType = sourcecode.swift; path = "UIColor+Extension.swift"; sourceTree = "<group>"; };
		CAC7C4B52A579A4D00979B79 /* Router.swift */ = {isa = PBXFileReference; lastKnownFileType = sourcecode.swift; path = Router.swift; sourceTree = "<group>"; };
/* End PBXFileReference section */

/* Begin PBXFrameworksBuildPhase section */
		CAC7C4282A56288D00979B79 /* Frameworks */ = {
			isa = PBXFrameworksBuildPhase;
			buildActionMask = 2147483647;
			files = (
				CAC7C4752A56330A00979B79 /* FirebaseAuth in Frameworks */,
				CAC7C47B2A56330A00979B79 /* FirebaseStorage in Frameworks */,
				CAC7C4772A56330A00979B79 /* FirebaseFirestore in Frameworks */,
				CAC7C4792A56330A00979B79 /* FirebaseFirestoreSwift in Frameworks */,
				CAC7C4932A563AE600979B79 /* Kingfisher in Frameworks */,
			);
			runOnlyForDeploymentPostprocessing = 0;
		};
		CAC7C4382A56288F00979B79 /* Frameworks */ = {
			isa = PBXFrameworksBuildPhase;
			buildActionMask = 2147483647;
			files = (
			);
			runOnlyForDeploymentPostprocessing = 0;
		};
		CAC7C4422A56288F00979B79 /* Frameworks */ = {
			isa = PBXFrameworksBuildPhase;
			buildActionMask = 2147483647;
			files = (
			);
			runOnlyForDeploymentPostprocessing = 0;
		};
/* End PBXFrameworksBuildPhase section */

/* Begin PBXGroup section */
		CABFE78B2A57A6CC00FA80EE /* Posts */ = {
			isa = PBXGroup;
			children = (
				CABFE78C2A57A6E300FA80EE /* UploadNewPostView.swift */,
			);
			path = Posts;
			sourceTree = "<group>";
		};
		CABFE7902A57A76400FA80EE /* Post */ = {
			isa = PBXGroup;
			children = (
				CABFE7912A57A77600FA80EE /* NewPostViewModel.swift */,
			);
			path = Post;
			sourceTree = "<group>";
		};
		CABFE7932A57A79B00FA80EE /* Post */ = {
			isa = PBXGroup;
			children = (
				CABFE7942A57A80E00FA80EE /* PostDetailsView.swift */,
				CABFE7982A57A8D800FA80EE /* PostCaption.swift */,
			);
			path = Post;
			sourceTree = "<group>";
		};
		CABFE79A2A58792700FA80EE /* Explore */ = {
			isa = PBXGroup;
			children = (
				CABFE79B2A58795500FA80EE /* SearchViewModel.swift */,
			);
			path = Explore;
			sourceTree = "<group>";
		};
		CABFE7A72A59E10000FA80EE /* Setting */ = {
			isa = PBXGroup;
			children = (
				CABFE7A82A59E10C00FA80EE /* SettingView.swift */,
			);
			path = Setting;
			sourceTree = "<group>";
		};
		CAC7C4222A56288D00979B79 = {
			isa = PBXGroup;
			children = (
				CAC7C42D2A56288D00979B79 /* InstagramClone */,
				CAC7C43E2A56288F00979B79 /* InstagramCloneTests */,
				CAC7C4482A56288F00979B79 /* InstagramCloneUITests */,
				CAC7C42C2A56288D00979B79 /* Products */,
			);
			sourceTree = "<group>";
		};
		CAC7C42C2A56288D00979B79 /* Products */ = {
			isa = PBXGroup;
			children = (
				CAC7C42B2A56288D00979B79 /* InstagramClone.app */,
				CAC7C43B2A56288F00979B79 /* InstagramCloneTests.xctest */,
				CAC7C4452A56288F00979B79 /* InstagramCloneUITests.xctest */,
			);
			name = Products;
			sourceTree = "<group>";
		};
		CAC7C42D2A56288D00979B79 /* InstagramClone */ = {
			isa = PBXGroup;
			children = (
				CAC7C4842A56365800979B79 /* API */,
				CAC7C47E2A56352C00979B79 /* Authentication */,
				CAC7C45B2A5628AE00979B79 /* Utils */,
				CAC7C4592A56289B00979B79 /* Model */,
				CAC7C45A2A5628A400979B79 /* View Model */,
				CAC7C4582A56289300979B79 /* View */,
				CAC7C42E2A56288D00979B79 /* InstagramCloneApp.swift */,
				CAC7C4302A56288D00979B79 /* ContentView.swift */,
				CAC7C4B22A56994D00979B79 /* Extensions */,
				CAC7C4322A56288F00979B79 /* Assets.xcassets */,
				CAC7C4A22A56549600979B79 /* GoogleService-Info.plist */,
				CAC7C4342A56288F00979B79 /* Preview Content */,
			);
			path = InstagramClone;
			sourceTree = "<group>";
		};
		CAC7C4342A56288F00979B79 /* Preview Content */ = {
			isa = PBXGroup;
			children = (
				CAC7C4352A56288F00979B79 /* Preview Assets.xcassets */,
			);
			path = "Preview Content";
			sourceTree = "<group>";
		};
		CAC7C43E2A56288F00979B79 /* InstagramCloneTests */ = {
			isa = PBXGroup;
			children = (
				CAC7C43F2A56288F00979B79 /* InstagramCloneTests.swift */,
			);
			path = InstagramCloneTests;
			sourceTree = "<group>";
		};
		CAC7C4482A56288F00979B79 /* InstagramCloneUITests */ = {
			isa = PBXGroup;
			children = (
				CAC7C4492A56288F00979B79 /* InstagramCloneUITests.swift */,
				CAC7C44B2A56288F00979B79 /* InstagramCloneUITestsLaunchTests.swift */,
			);
			path = InstagramCloneUITests;
			sourceTree = "<group>";
		};
		CAC7C4582A56289300979B79 /* View */ = {
			isa = PBXGroup;
			children = (
				CABFE7A72A59E10000FA80EE /* Setting */,
				CABFE7932A57A79B00FA80EE /* Post */,
				CAC7C4602A562B0800979B79 /* MainView.swift */,
				CAC7C49F2A5647C800979B79 /* Authentication */,
				CAC7C45F2A5628D000979B79 /* Home */,
				CAC7C45E2A5628C500979B79 /* Explore */,
				CABFE78B2A57A6CC00FA80EE /* Posts */,
				CAC7C45D2A5628C100979B79 /* Reels */,
				CAC7C45C2A5628B800979B79 /* Profile */,
			);
			path = View;
			sourceTree = "<group>";
		};
		CAC7C4592A56289B00979B79 /* Model */ = {
			isa = PBXGroup;
			children = (
				CAC7C47C2A5634BB00979B79 /* User.swift */,
				CAC7C48B2A56372500979B79 /* Post.swift */,
				CAC7C4A92A56599900979B79 /* Notification.swift */,
			);
			path = Model;
			sourceTree = "<group>";
		};
		CAC7C45A2A5628A400979B79 /* View Model */ = {
			isa = PBXGroup;
			children = (
				CAC7C4AB2A5683BA00979B79 /* Authentication */,
				CABFE79A2A58792700FA80EE /* Explore */,
				CAC7C4A62A56594700979B79 /* Notifications */,
				CABFE7902A57A76400FA80EE /* Post */,
				CAC7C4942A563B5B00979B79 /* Feed */,
				CAC7C46C2A562FAF00979B79 /* Profiles */,
			);
			path = "View Model";
			sourceTree = "<group>";
		};
		CAC7C45B2A5628AE00979B79 /* Utils */ = {
			isa = PBXGroup;
			children = (
				CAC7C46F2A56301F00979B79 /* FirebaseConstants.swift */,
				CAC7C4B52A579A4D00979B79 /* Router.swift */,
				CABFE78E2A57A72E00FA80EE /* ImagePicker.swift */,
				CABFE7962A57A85900FA80EE /* CustomButton.swift */,
				CABFE7A52A59E0E000FA80EE /* TabBarButton.swift */,
			);
			path = Utils;
			sourceTree = "<group>";
		};
		CAC7C45C2A5628B800979B79 /* Profile */ = {
			isa = PBXGroup;
			children = (
				CAC7C4682A562E1100979B79 /* ProfileView.swift */,
				CAC7C46A2A562E6600979B79 /* ProfileHeaderView.swift */,
				CAC7C4822A56361400979B79 /* UserStatView.swift */,
				CAC7C4872A5636C500979B79 /* PostGridView.swift */,
				CAC7C48F2A5637B700979B79 /* ProfileActionButtons.swift */,
			);
			path = Profile;
			sourceTree = "<group>";
		};
		CAC7C45D2A5628C100979B79 /* Reels */ = {
			isa = PBXGroup;
			children = (
				CAC7C4642A562BDD00979B79 /* Reels.swift */,
			);
			path = Reels;
			sourceTree = "<group>";
		};
		CAC7C45E2A5628C500979B79 /* Explore */ = {
			isa = PBXGroup;
			children = (
				CAC7C4662A562C0600979B79 /* ExploreTab.swift */,
				CABFE79D2A5879AE00FA80EE /* SearchBar.swift */,
				CABFE7A12A587A2400FA80EE /* RecommendedUserListView.swift */,
				CABFE7A32A587A6500FA80EE /* UserCell.swift */,
			);
			path = Explore;
			sourceTree = "<group>";
		};
		CAC7C45F2A5628D000979B79 /* Home */ = {
			isa = PBXGroup;
			children = (
				CAC7C4622A562BCC00979B79 /* HomeTab.swift */,
				CAC7C49B2A563D9400979B79 /* FeedView.swift */,
				CAC7C49D2A563DB800979B79 /* FeedComponent.swift */,
			);
			path = Home;
			sourceTree = "<group>";
		};
		CAC7C46C2A562FAF00979B79 /* Profiles */ = {
			isa = PBXGroup;
			children = (
				CAC7C46D2A562FF100979B79 /* ProfileViewModel.swift */,
				CAC7C4892A56370C00979B79 /* PostGridViewModel.swift */,
			);
			path = Profiles;
			sourceTree = "<group>";
		};
		CAC7C47E2A56352C00979B79 /* Authentication */ = {
			isa = PBXGroup;
			children = (
				CAC7C47F2A56354000979B79 /* Service */,
			);
			path = Authentication;
			sourceTree = "<group>";
		};
		CAC7C47F2A56354000979B79 /* Service */ = {
			isa = PBXGroup;
			children = (
				CAC7C4802A56355300979B79 /* AuthViewModel.swift */,
				CAC7C4992A563D4200979B79 /* UserService.swift */,
			);
			path = Service;
			sourceTree = "<group>";
		};
		CAC7C4842A56365800979B79 /* API */ = {
			isa = PBXGroup;
			children = (
				CAC7C48D2A56377D00979B79 /* PostService.swift */,
				CAC7C4972A563BB300979B79 /* ImageUploader.swift */,
			);
			path = API;
			sourceTree = "<group>";
		};
		CAC7C4942A563B5B00979B79 /* Feed */ = {
			isa = PBXGroup;
			children = (
				CAC7C4952A563B6700979B79 /* FeedViewModel.swift */,
				CAC7C4A42A5658CC00979B79 /* FeedCellViewModel.swift */,
			);
			path = Feed;
			sourceTree = "<group>";
		};
		CAC7C49F2A5647C800979B79 /* Authentication */ = {
			isa = PBXGroup;
			children = (
				CAC7C4A02A5647E600979B79 /* LoginView.swift */,
				CAC7C4AE2A56968F00979B79 /* RegisterView.swift */,
			);
			path = Authentication;
			sourceTree = "<group>";
		};
		CAC7C4A62A56594700979B79 /* Notifications */ = {
			isa = PBXGroup;
			children = (
				CAC7C4A72A56596100979B79 /* NotificationsViewModel.swift */,
			);
			path = Notifications;
			sourceTree = "<group>";
		};
		CAC7C4AB2A5683BA00979B79 /* Authentication */ = {
			isa = PBXGroup;
			children = (
				CAC7C4AC2A5683E400979B79 /* LoginViewModel.swift */,
				CAC7C4B02A56978700979B79 /* RegisterViewModel.swift */,
			);
			path = Authentication;
			sourceTree = "<group>";
		};
		CAC7C4B22A56994D00979B79 /* Extensions */ = {
			isa = PBXGroup;
			children = (
				CAC7C4B32A56996B00979B79 /* UIColor+Extension.swift */,
				CABFE79F2A5879E900FA80EE /* UIApplication+Extension.swift */,
			);
			path = Extensions;
			sourceTree = "<group>";
		};
/* End PBXGroup section */

/* Begin PBXNativeTarget section */
		CAC7C42A2A56288D00979B79 /* InstagramClone */ = {
			isa = PBXNativeTarget;
			buildConfigurationList = CAC7C44F2A56288F00979B79 /* Build configuration list for PBXNativeTarget "InstagramClone" */;
			buildPhases = (
				CAC7C4272A56288D00979B79 /* Sources */,
				CAC7C4282A56288D00979B79 /* Frameworks */,
				CAC7C4292A56288D00979B79 /* Resources */,
			);
			buildRules = (
			);
			dependencies = (
			);
			name = InstagramClone;
			packageProductDependencies = (
				CAC7C4742A56330A00979B79 /* FirebaseAuth */,
				CAC7C4762A56330A00979B79 /* FirebaseFirestore */,
				CAC7C4782A56330A00979B79 /* FirebaseFirestoreSwift */,
				CAC7C47A2A56330A00979B79 /* FirebaseStorage */,
				CAC7C4922A563AE600979B79 /* Kingfisher */,
			);
			productName = InstagramClone;
			productReference = CAC7C42B2A56288D00979B79 /* InstagramClone.app */;
			productType = "com.apple.product-type.application";
		};
		CAC7C43A2A56288F00979B79 /* InstagramCloneTests */ = {
			isa = PBXNativeTarget;
			buildConfigurationList = CAC7C4522A56288F00979B79 /* Build configuration list for PBXNativeTarget "InstagramCloneTests" */;
			buildPhases = (
				CAC7C4372A56288F00979B79 /* Sources */,
				CAC7C4382A56288F00979B79 /* Frameworks */,
				CAC7C4392A56288F00979B79 /* Resources */,
			);
			buildRules = (
			);
			dependencies = (
				CAC7C43D2A56288F00979B79 /* PBXTargetDependency */,
			);
			name = InstagramCloneTests;
			productName = InstagramCloneTests;
			productReference = CAC7C43B2A56288F00979B79 /* InstagramCloneTests.xctest */;
			productType = "com.apple.product-type.bundle.unit-test";
		};
		CAC7C4442A56288F00979B79 /* InstagramCloneUITests */ = {
			isa = PBXNativeTarget;
			buildConfigurationList = CAC7C4552A56288F00979B79 /* Build configuration list for PBXNativeTarget "InstagramCloneUITests" */;
			buildPhases = (
				CAC7C4412A56288F00979B79 /* Sources */,
				CAC7C4422A56288F00979B79 /* Frameworks */,
				CAC7C4432A56288F00979B79 /* Resources */,
			);
			buildRules = (
			);
			dependencies = (
				CAC7C4472A56288F00979B79 /* PBXTargetDependency */,
			);
			name = InstagramCloneUITests;
			productName = InstagramCloneUITests;
			productReference = CAC7C4452A56288F00979B79 /* InstagramCloneUITests.xctest */;
			productType = "com.apple.product-type.bundle.ui-testing";
		};
/* End PBXNativeTarget section */

/* Begin PBXProject section */
		CAC7C4232A56288D00979B79 /* Project object */ = {
			isa = PBXProject;
			attributes = {
				BuildIndependentTargetsInParallel = 1;
				LastSwiftUpdateCheck = 1420;
				LastUpgradeCheck = 1420;
				TargetAttributes = {
					CAC7C42A2A56288D00979B79 = {
						CreatedOnToolsVersion = 14.2;
					};
					CAC7C43A2A56288F00979B79 = {
						CreatedOnToolsVersion = 14.2;
						TestTargetID = CAC7C42A2A56288D00979B79;
					};
					CAC7C4442A56288F00979B79 = {
						CreatedOnToolsVersion = 14.2;
						TestTargetID = CAC7C42A2A56288D00979B79;
					};
				};
			};
			buildConfigurationList = CAC7C4262A56288D00979B79 /* Build configuration list for PBXProject "InstagramClone" */;
			compatibilityVersion = "Xcode 14.0";
			developmentRegion = en;
			hasScannedForEncodings = 0;
			knownRegions = (
				en,
				Base,
			);
			mainGroup = CAC7C4222A56288D00979B79;
			packageReferences = (
				CAC7C4732A56330A00979B79 /* XCRemoteSwiftPackageReference "firebase-ios-sdk" */,
				CAC7C4912A563AE600979B79 /* XCRemoteSwiftPackageReference "Kingfisher" */,
			);
			productRefGroup = CAC7C42C2A56288D00979B79 /* Products */;
			projectDirPath = "";
			projectRoot = "";
			targets = (
				CAC7C42A2A56288D00979B79 /* InstagramClone */,
				CAC7C43A2A56288F00979B79 /* InstagramCloneTests */,
				CAC7C4442A56288F00979B79 /* InstagramCloneUITests */,
			);
		};
/* End PBXProject section */

/* Begin PBXResourcesBuildPhase section */
		CAC7C4292A56288D00979B79 /* Resources */ = {
			isa = PBXResourcesBuildPhase;
			buildActionMask = 2147483647;
			files = (
				CAC7C4362A56288F00979B79 /* Preview Assets.xcassets in Resources */,
				CAC7C4332A56288F00979B79 /* Assets.xcassets in Resources */,
				CAC7C4A32A56549600979B79 /* GoogleService-Info.plist in Resources */,
			);
			runOnlyForDeploymentPostprocessing = 0;
		};
		CAC7C4392A56288F00979B79 /* Resources */ = {
			isa = PBXResourcesBuildPhase;
			buildActionMask = 2147483647;
			files = (
			);
			runOnlyForDeploymentPostprocessing = 0;
		};
		CAC7C4432A56288F00979B79 /* Resources */ = {
			isa = PBXResourcesBuildPhase;
			buildActionMask = 2147483647;
			files = (
			);
			runOnlyForDeploymentPostprocessing = 0;
		};
/* End PBXResourcesBuildPhase section */

/* Begin PBXSourcesBuildPhase section */
		CAC7C4272A56288D00979B79 /* Sources */ = {
			isa = PBXSourcesBuildPhase;
			buildActionMask = 2147483647;
			files = (
				CAC7C4652A562BDD00979B79 /* Reels.swift in Sources */,
				CABFE7A02A5879E900FA80EE /* UIApplication+Extension.swift in Sources */,
				CAC7C4B12A56978700979B79 /* RegisterViewModel.swift in Sources */,
				CAC7C4632A562BCC00979B79 /* HomeTab.swift in Sources */,
				CABFE7922A57A77600FA80EE /* NewPostViewModel.swift in Sources */,
				CABFE78F2A57A72E00FA80EE /* ImagePicker.swift in Sources */,
				CAC7C4902A5637B700979B79 /* ProfileActionButtons.swift in Sources */,
				CAC7C4312A56288D00979B79 /* ContentView.swift in Sources */,
				CAC7C48C2A56372500979B79 /* Post.swift in Sources */,
				CABFE7972A57A85900FA80EE /* CustomButton.swift in Sources */,
				CAC7C49A2A563D4200979B79 /* UserService.swift in Sources */,
				CAC7C4A52A5658CD00979B79 /* FeedCellViewModel.swift in Sources */,
				CAC7C4B62A579A4D00979B79 /* Router.swift in Sources */,
				CABFE7A62A59E0E000FA80EE /* TabBarButton.swift in Sources */,
				CAC7C4B42A56996B00979B79 /* UIColor+Extension.swift in Sources */,
				CABFE7A42A587A6500FA80EE /* UserCell.swift in Sources */,
				CAC7C4832A56361400979B79 /* UserStatView.swift in Sources */,
				CAC7C4AF2A56968F00979B79 /* RegisterView.swift in Sources */,
				CAC7C4812A56355300979B79 /* AuthViewModel.swift in Sources */,
				CAC7C48E2A56377D00979B79 /* PostService.swift in Sources */,
				CAC7C46E2A562FF100979B79 /* ProfileViewModel.swift in Sources */,
				CABFE7A92A59E10C00FA80EE /* SettingView.swift in Sources */,
				CABFE79C2A58795500FA80EE /* SearchViewModel.swift in Sources */,
				CAC7C4962A563B6700979B79 /* FeedViewModel.swift in Sources */,
				CAC7C49C2A563D9400979B79 /* FeedView.swift in Sources */,
				CAC7C4A82A56596100979B79 /* NotificationsViewModel.swift in Sources */,
				CAC7C4A12A5647E600979B79 /* LoginView.swift in Sources */,
				CAC7C4612A562B0800979B79 /* MainView.swift in Sources */,
				CABFE7A22A587A2400FA80EE /* RecommendedUserListView.swift in Sources */,
				CABFE78D2A57A6E300FA80EE /* UploadNewPostView.swift in Sources */,
				CAC7C4882A5636C500979B79 /* PostGridView.swift in Sources */,
				CAC7C42F2A56288D00979B79 /* InstagramCloneApp.swift in Sources */,
				CAC7C4982A563BB300979B79 /* ImageUploader.swift in Sources */,
				CAC7C48A2A56370C00979B79 /* PostGridViewModel.swift in Sources */,
				CABFE7952A57A80E00FA80EE /* PostDetailsView.swift in Sources */,
				CAC7C4AD2A5683E400979B79 /* LoginViewModel.swift in Sources */,
				CAC7C4AA2A56599900979B79 /* Notification.swift in Sources */,
				CAC7C4692A562E1100979B79 /* ProfileView.swift in Sources */,
				CAC7C4672A562C0600979B79 /* ExploreTab.swift in Sources */,
				CAC7C4702A56301F00979B79 /* FirebaseConstants.swift in Sources */,
				CAC7C49E2A563DB800979B79 /* FeedComponent.swift in Sources */,
				CAC7C46B2A562E6600979B79 /* ProfileHeaderView.swift in Sources */,
				CABFE79E2A5879AE00FA80EE /* SearchBar.swift in Sources */,
				CABFE7992A57A8D800FA80EE /* PostCaption.swift in Sources */,
				CAC7C47D2A5634BB00979B79 /* User.swift in Sources */,
			);
			runOnlyForDeploymentPostprocessing = 0;
		};
		CAC7C4372A56288F00979B79 /* Sources */ = {
			isa = PBXSourcesBuildPhase;
			buildActionMask = 2147483647;
			files = (
				CAC7C4402A56288F00979B79 /* InstagramCloneTests.swift in Sources */,
			);
			runOnlyForDeploymentPostprocessing = 0;
		};
		CAC7C4412A56288F00979B79 /* Sources */ = {
			isa = PBXSourcesBuildPhase;
			buildActionMask = 2147483647;
			files = (
				CAC7C44A2A56288F00979B79 /* InstagramCloneUITests.swift in Sources */,
				CAC7C44C2A56288F00979B79 /* InstagramCloneUITestsLaunchTests.swift in Sources */,
			);
			runOnlyForDeploymentPostprocessing = 0;
		};
/* End PBXSourcesBuildPhase section */

/* Begin PBXTargetDependency section */
		CAC7C43D2A56288F00979B79 /* PBXTargetDependency */ = {
			isa = PBXTargetDependency;
			target = CAC7C42A2A56288D00979B79 /* InstagramClone */;
			targetProxy = CAC7C43C2A56288F00979B79 /* PBXContainerItemProxy */;
		};
		CAC7C4472A56288F00979B79 /* PBXTargetDependency */ = {
			isa = PBXTargetDependency;
			target = CAC7C42A2A56288D00979B79 /* InstagramClone */;
			targetProxy = CAC7C4462A56288F00979B79 /* PBXContainerItemProxy */;
		};
/* End PBXTargetDependency section */

/* Begin XCBuildConfiguration section */
		CAC7C44D2A56288F00979B79 /* Debug */ = {
			isa = XCBuildConfiguration;
			buildSettings = {
				ALWAYS_SEARCH_USER_PATHS = NO;
				CLANG_ANALYZER_NONNULL = YES;
				CLANG_ANALYZER_NUMBER_OBJECT_CONVERSION = YES_AGGRESSIVE;
				CLANG_CXX_LANGUAGE_STANDARD = "gnu++20";
				CLANG_ENABLE_MODULES = YES;
				CLANG_ENABLE_OBJC_ARC = YES;
				CLANG_ENABLE_OBJC_WEAK = YES;
				CLANG_WARN_BLOCK_CAPTURE_AUTORELEASING = YES;
				CLANG_WARN_BOOL_CONVERSION = YES;
				CLANG_WARN_COMMA = YES;
				CLANG_WARN_CONSTANT_CONVERSION = YES;
				CLANG_WARN_DEPRECATED_OBJC_IMPLEMENTATIONS = YES;
				CLANG_WARN_DIRECT_OBJC_ISA_USAGE = YES_ERROR;
				CLANG_WARN_DOCUMENTATION_COMMENTS = YES;
				CLANG_WARN_EMPTY_BODY = YES;
				CLANG_WARN_ENUM_CONVERSION = YES;
				CLANG_WARN_INFINITE_RECURSION = YES;
				CLANG_WARN_INT_CONVERSION = YES;
				CLANG_WARN_NON_LITERAL_NULL_CONVERSION = YES;
				CLANG_WARN_OBJC_IMPLICIT_RETAIN_SELF = YES;
				CLANG_WARN_OBJC_LITERAL_CONVERSION = YES;
				CLANG_WARN_OBJC_ROOT_CLASS = YES_ERROR;
				CLANG_WARN_QUOTED_INCLUDE_IN_FRAMEWORK_HEADER = YES;
				CLANG_WARN_RANGE_LOOP_ANALYSIS = YES;
				CLANG_WARN_STRICT_PROTOTYPES = YES;
				CLANG_WARN_SUSPICIOUS_MOVE = YES;
				CLANG_WARN_UNGUARDED_AVAILABILITY = YES_AGGRESSIVE;
				CLANG_WARN_UNREACHABLE_CODE = YES;
				CLANG_WARN__DUPLICATE_METHOD_MATCH = YES;
				COPY_PHASE_STRIP = NO;
				DEBUG_INFORMATION_FORMAT = dwarf;
				ENABLE_STRICT_OBJC_MSGSEND = YES;
				ENABLE_TESTABILITY = YES;
				GCC_C_LANGUAGE_STANDARD = gnu11;
				GCC_DYNAMIC_NO_PIC = NO;
				GCC_NO_COMMON_BLOCKS = YES;
				GCC_OPTIMIZATION_LEVEL = 0;
				GCC_PREPROCESSOR_DEFINITIONS = (
					"DEBUG=1",
					"$(inherited)",
				);
				GCC_WARN_64_TO_32_BIT_CONVERSION = YES;
				GCC_WARN_ABOUT_RETURN_TYPE = YES_ERROR;
				GCC_WARN_UNDECLARED_SELECTOR = YES;
				GCC_WARN_UNINITIALIZED_AUTOS = YES_AGGRESSIVE;
				GCC_WARN_UNUSED_FUNCTION = YES;
				GCC_WARN_UNUSED_VARIABLE = YES;
				IPHONEOS_DEPLOYMENT_TARGET = 16.2;
				MTL_ENABLE_DEBUG_INFO = INCLUDE_SOURCE;
				MTL_FAST_MATH = YES;
				ONLY_ACTIVE_ARCH = YES;
				SDKROOT = iphoneos;
				SWIFT_ACTIVE_COMPILATION_CONDITIONS = DEBUG;
				SWIFT_OPTIMIZATION_LEVEL = "-Onone";
			};
			name = Debug;
		};
		CAC7C44E2A56288F00979B79 /* Release */ = {
			isa = XCBuildConfiguration;
			buildSettings = {
				ALWAYS_SEARCH_USER_PATHS = NO;
				CLANG_ANALYZER_NONNULL = YES;
				CLANG_ANALYZER_NUMBER_OBJECT_CONVERSION = YES_AGGRESSIVE;
				CLANG_CXX_LANGUAGE_STANDARD = "gnu++20";
				CLANG_ENABLE_MODULES = YES;
				CLANG_ENABLE_OBJC_ARC = YES;
				CLANG_ENABLE_OBJC_WEAK = YES;
				CLANG_WARN_BLOCK_CAPTURE_AUTORELEASING = YES;
				CLANG_WARN_BOOL_CONVERSION = YES;
				CLANG_WARN_COMMA = YES;
				CLANG_WARN_CONSTANT_CONVERSION = YES;
				CLANG_WARN_DEPRECATED_OBJC_IMPLEMENTATIONS = YES;
				CLANG_WARN_DIRECT_OBJC_ISA_USAGE = YES_ERROR;
				CLANG_WARN_DOCUMENTATION_COMMENTS = YES;
				CLANG_WARN_EMPTY_BODY = YES;
				CLANG_WARN_ENUM_CONVERSION = YES;
				CLANG_WARN_INFINITE_RECURSION = YES;
				CLANG_WARN_INT_CONVERSION = YES;
				CLANG_WARN_NON_LITERAL_NULL_CONVERSION = YES;
				CLANG_WARN_OBJC_IMPLICIT_RETAIN_SELF = YES;
				CLANG_WARN_OBJC_LITERAL_CONVERSION = YES;
				CLANG_WARN_OBJC_ROOT_CLASS = YES_ERROR;
				CLANG_WARN_QUOTED_INCLUDE_IN_FRAMEWORK_HEADER = YES;
				CLANG_WARN_RANGE_LOOP_ANALYSIS = YES;
				CLANG_WARN_STRICT_PROTOTYPES = YES;
				CLANG_WARN_SUSPICIOUS_MOVE = YES;
				CLANG_WARN_UNGUARDED_AVAILABILITY = YES_AGGRESSIVE;
				CLANG_WARN_UNREACHABLE_CODE = YES;
				CLANG_WARN__DUPLICATE_METHOD_MATCH = YES;
				COPY_PHASE_STRIP = NO;
				DEBUG_INFORMATION_FORMAT = "dwarf-with-dsym";
				ENABLE_NS_ASSERTIONS = NO;
				ENABLE_STRICT_OBJC_MSGSEND = YES;
				GCC_C_LANGUAGE_STANDARD = gnu11;
				GCC_NO_COMMON_BLOCKS = YES;
				GCC_WARN_64_TO_32_BIT_CONVERSION = YES;
				GCC_WARN_ABOUT_RETURN_TYPE = YES_ERROR;
				GCC_WARN_UNDECLARED_SELECTOR = YES;
				GCC_WARN_UNINITIALIZED_AUTOS = YES_AGGRESSIVE;
				GCC_WARN_UNUSED_FUNCTION = YES;
				GCC_WARN_UNUSED_VARIABLE = YES;
				IPHONEOS_DEPLOYMENT_TARGET = 16.2;
				MTL_ENABLE_DEBUG_INFO = NO;
				MTL_FAST_MATH = YES;
				SDKROOT = iphoneos;
				SWIFT_COMPILATION_MODE = wholemodule;
				SWIFT_OPTIMIZATION_LEVEL = "-O";
				VALIDATE_PRODUCT = YES;
			};
			name = Release;
		};
		CAC7C4502A56288F00979B79 /* Debug */ = {
			isa = XCBuildConfiguration;
			buildSettings = {
				ASSETCATALOG_COMPILER_APPICON_NAME = AppIcon;
				ASSETCATALOG_COMPILER_GLOBAL_ACCENT_COLOR_NAME = AccentColor;
				CODE_SIGN_STYLE = Automatic;
				CURRENT_PROJECT_VERSION = 1;
				DEVELOPMENT_ASSET_PATHS = "\"InstagramClone/Preview Content\"";
				ENABLE_PREVIEWS = YES;
				GENERATE_INFOPLIST_FILE = YES;
				INFOPLIST_KEY_UIApplicationSceneManifest_Generation = YES;
				INFOPLIST_KEY_UIApplicationSupportsIndirectInputEvents = YES;
				INFOPLIST_KEY_UILaunchScreen_Generation = YES;
				INFOPLIST_KEY_UISupportedInterfaceOrientations_iPad = "UIInterfaceOrientationPortrait UIInterfaceOrientationPortraitUpsideDown UIInterfaceOrientationLandscapeLeft UIInterfaceOrientationLandscapeRight";
				INFOPLIST_KEY_UISupportedInterfaceOrientations_iPhone = "UIInterfaceOrientationPortrait UIInterfaceOrientationLandscapeLeft UIInterfaceOrientationLandscapeRight";
				LD_RUNPATH_SEARCH_PATHS = (
					"$(inherited)",
					"@executable_path/Frameworks",
				);
				MARKETING_VERSION = 1.0;
				PRODUCT_BUNDLE_IDENTIFIER = com.mainguyen.InstagramClone;
				PRODUCT_NAME = "$(TARGET_NAME)";
				SWIFT_EMIT_LOC_STRINGS = YES;
				SWIFT_VERSION = 5.0;
				TARGETED_DEVICE_FAMILY = "1,2";
			};
			name = Debug;
		};
		CAC7C4512A56288F00979B79 /* Release */ = {
			isa = XCBuildConfiguration;
			buildSettings = {
				ASSETCATALOG_COMPILER_APPICON_NAME = AppIcon;
				ASSETCATALOG_COMPILER_GLOBAL_ACCENT_COLOR_NAME = AccentColor;
				CODE_SIGN_STYLE = Automatic;
				CURRENT_PROJECT_VERSION = 1;
				DEVELOPMENT_ASSET_PATHS = "\"InstagramClone/Preview Content\"";
				ENABLE_PREVIEWS = YES;
				GENERATE_INFOPLIST_FILE = YES;
				INFOPLIST_KEY_UIApplicationSceneManifest_Generation = YES;
				INFOPLIST_KEY_UIApplicationSupportsIndirectInputEvents = YES;
				INFOPLIST_KEY_UILaunchScreen_Generation = YES;
				INFOPLIST_KEY_UISupportedInterfaceOrientations_iPad = "UIInterfaceOrientationPortrait UIInterfaceOrientationPortraitUpsideDown UIInterfaceOrientationLandscapeLeft UIInterfaceOrientationLandscapeRight";
				INFOPLIST_KEY_UISupportedInterfaceOrientations_iPhone = "UIInterfaceOrientationPortrait UIInterfaceOrientationLandscapeLeft UIInterfaceOrientationLandscapeRight";
				LD_RUNPATH_SEARCH_PATHS = (
					"$(inherited)",
					"@executable_path/Frameworks",
				);
				MARKETING_VERSION = 1.0;
				PRODUCT_BUNDLE_IDENTIFIER = com.mainguyen.InstagramClone;
				PRODUCT_NAME = "$(TARGET_NAME)";
				SWIFT_EMIT_LOC_STRINGS = YES;
				SWIFT_VERSION = 5.0;
				TARGETED_DEVICE_FAMILY = "1,2";
			};
			name = Release;
		};
		CAC7C4532A56288F00979B79 /* Debug */ = {
			isa = XCBuildConfiguration;
			buildSettings = {
				ALWAYS_EMBED_SWIFT_STANDARD_LIBRARIES = YES;
				BUNDLE_LOADER = "$(TEST_HOST)";
				CODE_SIGN_STYLE = Automatic;
				CURRENT_PROJECT_VERSION = 1;
				GENERATE_INFOPLIST_FILE = YES;
				IPHONEOS_DEPLOYMENT_TARGET = 16.2;
				MARKETING_VERSION = 1.0;
				PRODUCT_BUNDLE_IDENTIFIER = com.mainguyen.InstagramCloneTests;
				PRODUCT_NAME = "$(TARGET_NAME)";
				SWIFT_EMIT_LOC_STRINGS = NO;
				SWIFT_VERSION = 5.0;
				TARGETED_DEVICE_FAMILY = "1,2";
				TEST_HOST = "$(BUILT_PRODUCTS_DIR)/InstagramClone.app/$(BUNDLE_EXECUTABLE_FOLDER_PATH)/InstagramClone";
			};
			name = Debug;
		};
		CAC7C4542A56288F00979B79 /* Release */ = {
			isa = XCBuildConfiguration;
			buildSettings = {
				ALWAYS_EMBED_SWIFT_STANDARD_LIBRARIES = YES;
				BUNDLE_LOADER = "$(TEST_HOST)";
				CODE_SIGN_STYLE = Automatic;
				CURRENT_PROJECT_VERSION = 1;
				GENERATE_INFOPLIST_FILE = YES;
				IPHONEOS_DEPLOYMENT_TARGET = 16.2;
				MARKETING_VERSION = 1.0;
				PRODUCT_BUNDLE_IDENTIFIER = com.mainguyen.InstagramCloneTests;
				PRODUCT_NAME = "$(TARGET_NAME)";
				SWIFT_EMIT_LOC_STRINGS = NO;
				SWIFT_VERSION = 5.0;
				TARGETED_DEVICE_FAMILY = "1,2";
				TEST_HOST = "$(BUILT_PRODUCTS_DIR)/InstagramClone.app/$(BUNDLE_EXECUTABLE_FOLDER_PATH)/InstagramClone";
			};
			name = Release;
		};
		CAC7C4562A56288F00979B79 /* Debug */ = {
			isa = XCBuildConfiguration;
			buildSettings = {
				ALWAYS_EMBED_SWIFT_STANDARD_LIBRARIES = YES;
				CODE_SIGN_STYLE = Automatic;
				CURRENT_PROJECT_VERSION = 1;
				GENERATE_INFOPLIST_FILE = YES;
				MARKETING_VERSION = 1.0;
				PRODUCT_BUNDLE_IDENTIFIER = com.mainguyen.InstagramCloneUITests;
				PRODUCT_NAME = "$(TARGET_NAME)";
				SWIFT_EMIT_LOC_STRINGS = NO;
				SWIFT_VERSION = 5.0;
				TARGETED_DEVICE_FAMILY = "1,2";
				TEST_TARGET_NAME = InstagramClone;
			};
			name = Debug;
		};
		CAC7C4572A56288F00979B79 /* Release */ = {
			isa = XCBuildConfiguration;
			buildSettings = {
				ALWAYS_EMBED_SWIFT_STANDARD_LIBRARIES = YES;
				CODE_SIGN_STYLE = Automatic;
				CURRENT_PROJECT_VERSION = 1;
				GENERATE_INFOPLIST_FILE = YES;
				MARKETING_VERSION = 1.0;
				PRODUCT_BUNDLE_IDENTIFIER = com.mainguyen.InstagramCloneUITests;
				PRODUCT_NAME = "$(TARGET_NAME)";
				SWIFT_EMIT_LOC_STRINGS = NO;
				SWIFT_VERSION = 5.0;
				TARGETED_DEVICE_FAMILY = "1,2";
				TEST_TARGET_NAME = InstagramClone;
			};
			name = Release;
		};
/* End XCBuildConfiguration section */

/* Begin XCConfigurationList section */
		CAC7C4262A56288D00979B79 /* Build configuration list for PBXProject "InstagramClone" */ = {
			isa = XCConfigurationList;
			buildConfigurations = (
				CAC7C44D2A56288F00979B79 /* Debug */,
				CAC7C44E2A56288F00979B79 /* Release */,
			);
			defaultConfigurationIsVisible = 0;
			defaultConfigurationName = Release;
		};
		CAC7C44F2A56288F00979B79 /* Build configuration list for PBXNativeTarget "InstagramClone" */ = {
			isa = XCConfigurationList;
			buildConfigurations = (
				CAC7C4502A56288F00979B79 /* Debug */,
				CAC7C4512A56288F00979B79 /* Release */,
			);
			defaultConfigurationIsVisible = 0;
			defaultConfigurationName = Release;
		};
		CAC7C4522A56288F00979B79 /* Build configuration list for PBXNativeTarget "InstagramCloneTests" */ = {
			isa = XCConfigurationList;
			buildConfigurations = (
				CAC7C4532A56288F00979B79 /* Debug */,
				CAC7C4542A56288F00979B79 /* Release */,
			);
			defaultConfigurationIsVisible = 0;
			defaultConfigurationName = Release;
		};
		CAC7C4552A56288F00979B79 /* Build configuration list for PBXNativeTarget "InstagramCloneUITests" */ = {
			isa = XCConfigurationList;
			buildConfigurations = (
				CAC7C4562A56288F00979B79 /* Debug */,
				CAC7C4572A56288F00979B79 /* Release */,
			);
			defaultConfigurationIsVisible = 0;
			defaultConfigurationName = Release;
		};
/* End XCConfigurationList section */

/* Begin XCRemoteSwiftPackageReference section */
		CAC7C4732A56330A00979B79 /* XCRemoteSwiftPackageReference "firebase-ios-sdk" */ = {
			isa = XCRemoteSwiftPackageReference;
			repositoryURL = "https://github.com/firebase/firebase-ios-sdk";
			requirement = {
				kind = upToNextMajorVersion;
				minimumVersion = 9.0.0;
			};
		};
		CAC7C4912A563AE600979B79 /* XCRemoteSwiftPackageReference "Kingfisher" */ = {
			isa = XCRemoteSwiftPackageReference;
			repositoryURL = "https://github.com/onevcat/Kingfisher.git";
			requirement = {
				kind = upToNextMajorVersion;
				minimumVersion = 7.0.0;
			};
		};
/* End XCRemoteSwiftPackageReference section */

/* Begin XCSwiftPackageProductDependency section */
		CAC7C4742A56330A00979B79 /* FirebaseAuth */ = {
			isa = XCSwiftPackageProductDependency;
			package = CAC7C4732A56330A00979B79 /* XCRemoteSwiftPackageReference "firebase-ios-sdk" */;
			productName = FirebaseAuth;
		};
		CAC7C4762A56330A00979B79 /* FirebaseFirestore */ = {
			isa = XCSwiftPackageProductDependency;
			package = CAC7C4732A56330A00979B79 /* XCRemoteSwiftPackageReference "firebase-ios-sdk" */;
			productName = FirebaseFirestore;
		};
		CAC7C4782A56330A00979B79 /* FirebaseFirestoreSwift */ = {
			isa = XCSwiftPackageProductDependency;
			package = CAC7C4732A56330A00979B79 /* XCRemoteSwiftPackageReference "firebase-ios-sdk" */;
			productName = FirebaseFirestoreSwift;
		};
		CAC7C47A2A56330A00979B79 /* FirebaseStorage */ = {
			isa = XCSwiftPackageProductDependency;
			package = CAC7C4732A56330A00979B79 /* XCRemoteSwiftPackageReference "firebase-ios-sdk" */;
			productName = FirebaseStorage;
		};
		CAC7C4922A563AE600979B79 /* Kingfisher */ = {
			isa = XCSwiftPackageProductDependency;
			package = CAC7C4912A563AE600979B79 /* XCRemoteSwiftPackageReference "Kingfisher" */;
			productName = Kingfisher;
		};
/* End XCSwiftPackageProductDependency section */
	};
	rootObject = CAC7C4232A56288D00979B79 /* Project object */;
}
